
Microsoft Visual Studio Solution File, Format Version 12.00
# Visual Studio Version 17
VisualStudioVersion = 17.0.31903.59
MinimumVisualStudioVersion = 10.0.40219.1
Project("{2150E333-8FDC-42A3-9474-1A3956D46DE8}") = "src", "src", "{827E0CD3-B72D-47B6-A68D-7590B98EB39B}"
EndProject
Project("{FAE04EC0-301F-11D3-BF4B-00C04F79EFBC}") = "AdoptMe.Escritorio.Nucleo", "src\AdoptMe.Escritorio.Nucleo\AdoptMe.Escritorio.Nucleo.csproj", "{8659D699-7F43-4C50-BC3E-E9566E5C9E49}"
EndProject
Project("{FAE04EC0-301F-11D3-BF4B-00C04F79EFBC}") = "AdoptMe.Escritorio", "src\AdoptMe.Escritorio\AdoptMe.Escritorio.csproj", "{338784BC-B0D2-4424-928A-8707003F2B20}"
EndProject
Project("{2150E333-8FDC-42A3-9474-1A3956D46DE8}") = "tests", "tests", "{0AB3BF05-4346-4AA6-1389-037BE0695223}"
EndProject
Project("{FAE04EC0-301F-11D3-BF4B-00C04F79EFBC}") = "AdoptMe.Escritorio.Nucleo.Pruebas", "tests\AdoptMe.Escritorio.Nucleo.Pruebas\AdoptMe.Escritorio.Nucleo.Pruebas.csproj", "{CA7E7966-868E-42AC-BB62-4B8A068FC2AB}"
EndProject
Global
	GlobalSection(SolutionConfigurationPlatforms) = preSolution
		Debug|Any CPU = Debug|Any CPU
		Debug|x64 = Debug|x64
		Debug|x86 = Debug|x86
		Release|Any CPU = Release|Any CPU
		Release|x64 = Release|x64
		Release|x86 = Release|x86
	EndGlobalSection
	GlobalSection(ProjectConfigurationPlatforms) = postSolution
		{8659D699-7F43-4C50-BC3E-E9566E5C9E49}.Debug|Any CPU.ActiveCfg = Debug|Any CPU
		{8659D699-7F43-4C50-BC3E-E9566E5C9E49}.Debug|Any CPU.Build.0 = Debug|Any CPU
		{8659D699-7F43-4C50-BC3E-E9566E5C9E49}.Debug|x64.ActiveCfg = Debug|Any CPU
		{8659D699-7F43-4C50-BC3E-E9566E5C9E49}.Debug|x64.Build.0 = Debug|Any CPU
		{8659D699-7F43-4C50-BC3E-E9566E5C9E49}.Debug|x86.ActiveCfg = Debug|Any CPU
		{8659D699-7F43-4C50-BC3E-E9566E5C9E49}.Debug|x86.Build.0 = Debug|Any CPU
		{8659D699-7F43-4C50-BC3E-E9566E5C9E49}.Release|Any CPU.ActiveCfg = Release|Any CPU
		{8659D699-7F43-4C50-BC3E-E9566E5C9E49}.Release|Any CPU.Build.0 = Release|Any CPU
		{8659D699-7F43-4C50-BC3E-E9566E5C9E49}.Release|x64.ActiveCfg = Release|Any CPU
		{8659D699-7F43-4C50-BC3E-E9566E5C9E49}.Release|x64.Build.0 = Release|Any CPU
		{8659D699-7F43-4C50-BC3E-E9566E5C9E49}.Release|x86.ActiveCfg = Release|Any CPU
		{8659D699-7F43-4C50-BC3E-E9566E5C9E49}.Release|x86.Build.0 = Release|Any CPU
		{338784BC-B0D2-4424-928A-8707003F2B20}.Debug|Any CPU.ActiveCfg = Debug|Any CPU
		{338784BC-B0D2-4424-928A-8707003F2B20}.Debug|Any CPU.Build.0 = Debug|Any CPU
		{338784BC-B0D2-4424-928A-8707003F2B20}.Debug|x64.ActiveCfg = Debug|Any CPU
		{338784BC-B0D2-4424-928A-8707003F2B20}.Debug|x64.Build.0 = Debug|Any CPU
		{338784BC-B0D2-4424-928A-8707003F2B20}.Debug|x86.ActiveCfg = Debug|Any CPU
		{338784BC-B0D2-4424-928A-8707003F2B20}.Debug|x86.Build.0 = Debug|Any CPU
		{338784BC-B0D2-4424-928A-8707003F2B20}.Release|Any CPU.ActiveCfg = Release|Any CPU
		{338784BC-B0D2-4424-928A-8707003F2B20}.Release|Any CPU.Build.0 = Release|Any CPU
		{338784BC-B0D2-4424-928A-8707003F2B20}.Release|x64.ActiveCfg = Release|Any CPU
		{338784BC-B0D2-4424-928A-8707003F2B20}.Release|x64.Build.0 = Release|Any CPU
		{338784BC-B0D2-4424-928A-8707003F2B20}.Release|x86.ActiveCfg = Release|Any CPU
		{338784BC-B0D2-4424-928A-8707003F2B20}.Release|x86.Build.0 = Release|Any CPU
		{CA7E7966-868E-42AC-BB62-4B8A068FC2AB}.Debug|Any CPU.ActiveCfg = Debug|Any CPU
		{CA7E7966-868E-42AC-BB62-4B8A068FC2AB}.Debug|Any CPU.Build.0 = Debug|Any CPU
		{CA7E7966-868E-42AC-BB62-4B8A068FC2AB}.Debug|x64.ActiveCfg = Debug|Any CPU
		{CA7E7966-868E-42AC-BB62-4B8A068FC2AB}.Debug|x64.Build.0 = Debug|Any CPU
		{CA7E7966-868E-42AC-BB62-4B8A068FC2AB}.Debug|x86.ActiveCfg = Debug|Any CPU
		{CA7E7966-868E-42AC-BB62-4B8A068FC2AB}.Debug|x86.Build.0 = Debug|Any CPU
		{CA7E7966-868E-42AC-BB62-4B8A068FC2AB}.Release|Any CPU.ActiveCfg = Release|Any CPU
		{CA7E7966-868E-42AC-BB62-4B8A068FC2AB}.Release|Any CPU.Build.0 = Release|Any CPU
		{CA7E7966-868E-42AC-BB62-4B8A068FC2AB}.Release|x64.ActiveCfg = Release|Any CPU
		{CA7E7966-868E-42AC-BB62-4B8A068FC2AB}.Release|x64.Build.0 = Release|Any CPU
		{CA7E7966-868E-42AC-BB62-4B8A068FC2AB}.Release|x86.ActiveCfg = Release|Any CPU
		{CA7E7966-868E-42AC-BB62-4B8A068FC2AB}.Release|x86.Build.0 = Release|Any CPU
	EndGlobalSection
	GlobalSection(SolutionProperties) = preSolution
		HideSolutionNode = FALSE
	EndGlobalSection
	GlobalSection(NestedProjects) = preSolution
		{8659D699-7F43-4C50-BC3E-E9566E5C9E49} = {827E0CD3-B72D-47B6-A68D-7590B98EB39B}
		{338784BC-B0D2-4424-928A-8707003F2B20} = {827E0CD3-B72D-47B6-A68D-7590B98EB39B}
		{CA7E7966-868E-42AC-BB62-4B8A068FC2AB} = {0AB3BF05-4346-4AA6-1389-037BE0695223}
	EndGlobalSection
EndGlobal
